
Microsoft Visual Studio Solution File, Format Version 12.00
# Visual Studio Version 16
VisualStudioVersion = 16.0.31424.327
MinimumVisualStudioVersion = 10.0.40219.1
Project("{FAE04EC0-301F-11D3-BF4B-00C04F79EFBC}") = "RestApi_Produtos", "RestApi_Produtos\RestApi_Produtos.csproj", "{31B25A8D-C30E-4710-81EC-4F9A0645841D}"
EndProject
Global
	GlobalSection(SolutionConfigurationPlatforms) = preSolution
		Debug|Any CPU = Debug|Any CPU
		Release|Any CPU = Release|Any CPU
	EndGlobalSection
	GlobalSection(ProjectConfigurationPlatforms) = postSolution
		{31B25A8D-C30E-4710-81EC-4F9A0645841D}.Debug|Any CPU.ActiveCfg = Debug|Any CPU
		{31B25A8D-C30E-4710-81EC-4F9A0645841D}.Debug|Any CPU.Build.0 = Debug|Any CPU
		{31B25A8D-C30E-4710-81EC-4F9A0645841D}.Release|Any CPU.ActiveCfg = Release|Any CPU
		{31B25A8D-C30E-4710-81EC-4F9A0645841D}.Release|Any CPU.Build.0 = Release|Any CPU
	EndGlobalSection
	GlobalSection(SolutionProperties) = preSolution
		HideSolutionNode = FALSE
	EndGlobalSection
	GlobalSection(ExtensibilityGlobals) = postSolution
		SolutionGuid = {4A2568A8-C37F-4508-A72E-3416B03474ED}
	EndGlobalSection
EndGlobal
